
Microsoft Visual Studio Solution File, Format Version 12.00
# Visual Studio 15
VisualStudioVersion = 15.0.26403.7
MinimumVisualStudioVersion = 10.0.40219.1
Project("{FAE04EC0-301F-11D3-BF4B-00C04F79EFBC}") = "vid-butik", "vid-butik\vid-butik.csproj", "{F57BB14B-321E-4F33-8376-1AAD6AC46E02}"
EndProject
Project("{FAE04EC0-301F-11D3-BF4B-00C04F79EFBC}") = "VBRepo", "VBRepo\VBRepo.csproj", "{5C2C4ED3-4838-4C5E-A9ED-561A42F671A6}"
EndProject
Global
	GlobalSection(SolutionConfigurationPlatforms) = preSolution
		Debug|Any CPU = Debug|Any CPU
		Release|Any CPU = Release|Any CPU
	EndGlobalSection
	GlobalSection(ProjectConfigurationPlatforms) = postSolution
		{F57BB14B-321E-4F33-8376-1AAD6AC46E02}.Debug|Any CPU.ActiveCfg = Debug|Any CPU
		{F57BB14B-321E-4F33-8376-1AAD6AC46E02}.Debug|Any CPU.Build.0 = Debug|Any CPU
		{F57BB14B-321E-4F33-8376-1AAD6AC46E02}.Release|Any CPU.ActiveCfg = Release|Any CPU
		{F57BB14B-321E-4F33-8376-1AAD6AC46E02}.Release|Any CPU.Build.0 = Release|Any CPU
		{5C2C4ED3-4838-4C5E-A9ED-561A42F671A6}.Debug|Any CPU.ActiveCfg = Debug|Any CPU
		{5C2C4ED3-4838-4C5E-A9ED-561A42F671A6}.Debug|Any CPU.Build.0 = Debug|Any CPU
		{5C2C4ED3-4838-4C5E-A9ED-561A42F671A6}.Release|Any CPU.ActiveCfg = Release|Any CPU
		{5C2C4ED3-4838-4C5E-A9ED-561A42F671A6}.Release|Any CPU.Build.0 = Release|Any CPU
	EndGlobalSection
	GlobalSection(SolutionProperties) = preSolution
		HideSolutionNode = FALSE
	EndGlobalSection
EndGlobal
